
Microsoft Visual Studio Solution File, Format Version 12.00
# Visual Studio Version 17
VisualStudioVersion = 17.10.35122.118
MinimumVisualStudioVersion = 10.0.40219.1
Project("{8BC9CEB8-8B4A-11D0-8D11-00A0C91BC942}") = "Display_Config_Helper", "Display_Config_Helper\Display_Config_Helper.vcxproj", "{DD7953E5-1AE9-41B7-BC37-804F6A03FB84}"
EndProject
Project("{8BC9CEB8-8B4A-11D0-8D11-00A0C91BC942}") = "Injector", "Injector\Injector.vcxproj", "{42E973EC-A91A-4177-93C6-89464241C237}"
EndProject
Global
	GlobalSection(SolutionConfigurationPlatforms) = preSolution
		Debug|x64 = Debug|x64
		Debug|x86 = Debug|x86
		Release|x64 = Release|x64
		Release|x86 = Release|x86
	EndGlobalSection
	GlobalSection(ProjectConfigurationPlatforms) = postSolution
		{DD7953E5-1AE9-41B7-BC37-804F6A03FB84}.Debug|x64.ActiveCfg = Debug|x64
		{DD7953E5-1AE9-41B7-BC37-804F6A03FB84}.Debug|x64.Build.0 = Debug|x64
		{DD7953E5-1AE9-41B7-BC37-804F6A03FB84}.Debug|x86.ActiveCfg = Debug|Win32
		{DD7953E5-1AE9-41B7-BC37-804F6A03FB84}.Debug|x86.Build.0 = Debug|Win32
		{DD7953E5-1AE9-41B7-BC37-804F6A03FB84}.Release|x64.ActiveCfg = Release|x64
		{DD7953E5-1AE9-41B7-BC37-804F6A03FB84}.Release|x64.Build.0 = Release|x64
		{DD7953E5-1AE9-41B7-BC37-804F6A03FB84}.Release|x86.ActiveCfg = Release|Win32
		{DD7953E5-1AE9-41B7-BC37-804F6A03FB84}.Release|x86.Build.0 = Release|Win32
		{42E973EC-A91A-4177-93C6-89464241C237}.Debug|x64.ActiveCfg = Debug|x64
		{42E973EC-A91A-4177-93C6-89464241C237}.Debug|x64.Build.0 = Debug|x64
		{42E973EC-A91A-4177-93C6-89464241C237}.Debug|x86.ActiveCfg = Debug|Win32
		{42E973EC-A91A-4177-93C6-89464241C237}.Debug|x86.Build.0 = Debug|Win32
		{42E973EC-A91A-4177-93C6-89464241C237}.Release|x64.ActiveCfg = Release|x64
		{42E973EC-A91A-4177-93C6-89464241C237}.Release|x64.Build.0 = Release|x64
		{42E973EC-A91A-4177-93C6-89464241C237}.Release|x86.ActiveCfg = Release|Win32
		{42E973EC-A91A-4177-93C6-89464241C237}.Release|x86.Build.0 = Release|Win32
	EndGlobalSection
	GlobalSection(SolutionProperties) = preSolution
		HideSolutionNode = FALSE
	EndGlobalSection
	GlobalSection(ExtensibilityGlobals) = postSolution
		SolutionGuid = {8349EF61-2616-4C83-AF3F-A739187D864E}
	EndGlobalSection
EndGlobal
